
Microsoft Visual Studio Solution File, Format Version 12.00
# Visual Studio 15
VisualStudioVersion = 15.0.27130.2010
MinimumVisualStudioVersion = 10.0.40219.1
Project("{FAE04EC0-301F-11D3-BF4B-00C04F79EFBC}") = "NumberWorder", "NumberWorder\NumberWorder.csproj", "{92F741C0-AEA3-4F54-B008-B3BA6EB799EC}"
EndProject
Project("{FAE04EC0-301F-11D3-BF4B-00C04F79EFBC}") = "NumberWordAPI", "NumberWordAPI\NumberWordAPI.csproj", "{6141321E-0EF3-4382-AB8F-4CEF239675E8}"
EndProject
Global
	GlobalSection(SolutionConfigurationPlatforms) = preSolution
		Debug|Any CPU = Debug|Any CPU
		Release|Any CPU = Release|Any CPU
	EndGlobalSection
	GlobalSection(ProjectConfigurationPlatforms) = postSolution
		{92F741C0-AEA3-4F54-B008-B3BA6EB799EC}.Debug|Any CPU.ActiveCfg = Debug|Any CPU
		{92F741C0-AEA3-4F54-B008-B3BA6EB799EC}.Debug|Any CPU.Build.0 = Debug|Any CPU
		{92F741C0-AEA3-4F54-B008-B3BA6EB799EC}.Release|Any CPU.ActiveCfg = Release|Any CPU
		{92F741C0-AEA3-4F54-B008-B3BA6EB799EC}.Release|Any CPU.Build.0 = Release|Any CPU
		{6141321E-0EF3-4382-AB8F-4CEF239675E8}.Debug|Any CPU.ActiveCfg = Debug|Any CPU
		{6141321E-0EF3-4382-AB8F-4CEF239675E8}.Debug|Any CPU.Build.0 = Debug|Any CPU
		{6141321E-0EF3-4382-AB8F-4CEF239675E8}.Release|Any CPU.ActiveCfg = Release|Any CPU
		{6141321E-0EF3-4382-AB8F-4CEF239675E8}.Release|Any CPU.Build.0 = Release|Any CPU
	EndGlobalSection
	GlobalSection(SolutionProperties) = preSolution
		HideSolutionNode = FALSE
	EndGlobalSection
	GlobalSection(ExtensibilityGlobals) = postSolution
		SolutionGuid = {F8B7BA1E-88ED-404D-B160-2ED0660A15F8}
	EndGlobalSection
EndGlobal
